
Microsoft Visual Studio Solution File, Format Version 12.00
# Visual Studio Version 16
VisualStudioVersion = 16.0.31702.278
MinimumVisualStudioVersion = 10.0.40219.1
Project("{FAE04EC0-301F-11D3-BF4B-00C04F79EFBC}") = "FinalWork", "FinalWork.csproj", "{83160934-3D59-4880-94BF-FD4E1AD9EF5E}"
EndProject
Global
	GlobalSection(SolutionConfigurationPlatforms) = preSolution
		Debug|Any CPU = Debug|Any CPU
		Release|Any CPU = Release|Any CPU
	EndGlobalSection
	GlobalSection(ProjectConfigurationPlatforms) = postSolution
		{83160934-3D59-4880-94BF-FD4E1AD9EF5E}.Debug|Any CPU.ActiveCfg = Debug|Any CPU
		{83160934-3D59-4880-94BF-FD4E1AD9EF5E}.Debug|Any CPU.Build.0 = Debug|Any CPU
		{83160934-3D59-4880-94BF-FD4E1AD9EF5E}.Release|Any CPU.ActiveCfg = Release|Any CPU
		{83160934-3D59-4880-94BF-FD4E1AD9EF5E}.Release|Any CPU.Build.0 = Release|Any CPU
	EndGlobalSection
	GlobalSection(SolutionProperties) = preSolution
		HideSolutionNode = FALSE
	EndGlobalSection
	GlobalSection(ExtensibilityGlobals) = postSolution
		SolutionGuid = {19D31446-B5A6-43E4-9D13-FCF6456FE254}
	EndGlobalSection
EndGlobal
